
Microsoft Visual Studio Solution File, Format Version 12.00
# Visual Studio Version 16
VisualStudioVersion = 16.0.31321.278
MinimumVisualStudioVersion = 10.0.40219.1
Project("{9A19103F-16F7-4668-BE54-9A1E7A4F7556}") = "kafkamicro", "kafkamicro.csproj", "{8BA58384-00D2-49DB-A6F4-34E0D4FA2EAE}"
EndProject
Global
	GlobalSection(SolutionConfigurationPlatforms) = preSolution
		Debug|Any CPU = Debug|Any CPU
		Release|Any CPU = Release|Any CPU
	EndGlobalSection
	GlobalSection(ProjectConfigurationPlatforms) = postSolution
		{8BA58384-00D2-49DB-A6F4-34E0D4FA2EAE}.Debug|Any CPU.ActiveCfg = Debug|Any CPU
		{8BA58384-00D2-49DB-A6F4-34E0D4FA2EAE}.Debug|Any CPU.Build.0 = Debug|Any CPU
		{8BA58384-00D2-49DB-A6F4-34E0D4FA2EAE}.Release|Any CPU.ActiveCfg = Release|Any CPU
		{8BA58384-00D2-49DB-A6F4-34E0D4FA2EAE}.Release|Any CPU.Build.0 = Release|Any CPU
	EndGlobalSection
	GlobalSection(SolutionProperties) = preSolution
		HideSolutionNode = FALSE
	EndGlobalSection
	GlobalSection(ExtensibilityGlobals) = postSolution
		SolutionGuid = {74EFDFAC-1FBA-4E6A-AD6B-0BDFBE2924E7}
	EndGlobalSection
EndGlobal
